{
  "nodes": {
    "flake-utils": {
      "locked": {
        "lastModified": 1644229661,
        "narHash": "sha256-1YdnJAsNy69bpcjuoKdOYQX0YxZBiCYZo4Twxerqv7k=",
        "owner": "numtide",
        "repo": "flake-utils",
        "rev": "3cecb5b042f7f209c56ffd8371b2711a290ec797",
        "type": "github"
      },
      "original": {
        "owner": "numtide",
        "repo": "flake-utils",
        "type": "github"
      }
    },
    "nixpkgs": {
      "locked": {
        "lastModified": 1646544530,
        "narHash": "sha256-B5R6pIA+PPYn8etxTqnXwh3RXKPTVpy2mBD95uxP9YA=",
        "owner": "NixOS",
        "repo": "nixpkgs",
        "rev": "cf7e4cac05889d9326de15c5d72afb389ddafb17",
        "type": "github"
      },
      "original": {
        "owner": "NixOS",
        "repo": "nixpkgs",
        "type": "github"
      }
    },
    "root": {
      "inputs": {
        "flake-utils": "flake-utils",
        "nixpkgs": "nixpkgs",
        "rust-overlay": "rust-overlay"
      }
    },
    "rust-overlay": {
      "inputs": {
        "flake-utils": [
          "flake-utils"
        ],
        "nixpkgs": [
          "nixpkgs"
        ]
      },
      "locked": {
        "lastModified": 1646533330,
        "narHash": "sha256-JwtPZekfbIwUFO5xza9sDHOxKsT5E2PFBkJxtvNOI7M=",
        "owner": "oxalica",
        "repo": "rust-overlay",
        "rev": "1a459694c46b984f4f55bfe4a59d874c828fb1e8",
        "type": "github"
      },
      "original": {
        "owner": "oxalica",
        "repo": "rust-overlay",
        "type": "github"
      }
    }
  },
  "root": "root",
  "version": 7
}
